// !$*UTF8*$!
{
	archiveVersion = 1;
	classes = {
	};
	objectVersion = 46;
	objects = {

/* Begin PBXBuildFile section */
		3B687B031C45541900B9A96C /* AppDelegate.swift in Sources */ = {isa = PBXBuildFile; fileRef = 3B687B021C45541900B9A96C /* AppDelegate.swift */; };
		3B687B051C45541900B9A96C /* MemeEditorViewController.swift in Sources */ = {isa = PBXBuildFile; fileRef = 3B687B041C45541900B9A96C /* MemeEditorViewController.swift */; };
		3B687B081C45541900B9A96C /* Main.storyboard in Resources */ = {isa = PBXBuildFile; fileRef = 3B687B061C45541900B9A96C /* Main.storyboard */; };
		3B687B0A1C45541900B9A96C /* Assets.xcassets in Resources */ = {isa = PBXBuildFile; fileRef = 3B687B091C45541900B9A96C /* Assets.xcassets */; };
		3B687B0D1C45541900B9A96C /* LaunchScreen.storyboard in Resources */ = {isa = PBXBuildFile; fileRef = 3B687B0B1C45541900B9A96C /* LaunchScreen.storyboard */; };
		3B687B151C57C73600B9A96C /* Meme.swift in Sources */ = {isa = PBXBuildFile; fileRef = 3B687B141C57C73600B9A96C /* Meme.swift */; };
		5C99E6CE1D0BE139006A6713 /* MemeDetailViewController.swift in Sources */ = {isa = PBXBuildFile; fileRef = 5C99E6CD1D0BE139006A6713 /* MemeDetailViewController.swift */; };
		5CCA1F181D0B1964005C16A3 /* MemeTableTableViewController.swift in Sources */ = {isa = PBXBuildFile; fileRef = 5CCA1F171D0B1964005C16A3 /* MemeTableTableViewController.swift */; };
		5CCA1F1A1D0B1979005C16A3 /* MemeCollectionViewController.swift in Sources */ = {isa = PBXBuildFile; fileRef = 5CCA1F191D0B1979005C16A3 /* MemeCollectionViewController.swift */; };
		5CCA1F1C1D0B1997005C16A3 /* MemeTableViewCell.swift in Sources */ = {isa = PBXBuildFile; fileRef = 5CCA1F1B1D0B1997005C16A3 /* MemeTableViewCell.swift */; };
		5CCA1F1E1D0B6465005C16A3 /* MemeCollectionViewCell.swift in Sources */ = {isa = PBXBuildFile; fileRef = 5CCA1F1D1D0B6465005C16A3 /* MemeCollectionViewCell.swift */; };
/* End PBXBuildFile section */

/* Begin PBXFileReference section */
		3B687AFF1C45541900B9A96C /* MeMe.app */ = {isa = PBXFileReference; explicitFileType = wrapper.application; includeInIndex = 0; path = MeMe.app; sourceTree = BUILT_PRODUCTS_DIR; };
		3B687B021C45541900B9A96C /* AppDelegate.swift */ = {isa = PBXFileReference; lastKnownFileType = sourcecode.swift; path = AppDelegate.swift; sourceTree = "<group>"; };
		3B687B041C45541900B9A96C /* MemeEditorViewController.swift */ = {isa = PBXFileReference; lastKnownFileType = sourcecode.swift; path = MemeEditorViewController.swift; sourceTree = "<group>"; };
		3B687B071C45541900B9A96C /* Base */ = {isa = PBXFileReference; lastKnownFileType = file.storyboard; name = Base; path = Base.lproj/Main.storyboard; sourceTree = "<group>"; };
		3B687B091C45541900B9A96C /* Assets.xcassets */ = {isa = PBXFileReference; lastKnownFileType = folder.assetcatalog; path = Assets.xcassets; sourceTree = "<group>"; };
		3B687B0C1C45541900B9A96C /* Base */ = {isa = PBXFileReference; lastKnownFileType = file.storyboard; name = Base; path = Base.lproj/LaunchScreen.storyboard; sourceTree = "<group>"; };
		3B687B0E1C45541900B9A96C /* Info.plist */ = {isa = PBXFileReference; lastKnownFileType = text.plist.xml; path = Info.plist; sourceTree = "<group>"; };
		3B687B141C57C73600B9A96C /* Meme.swift */ = {isa = PBXFileReference; fileEncoding = 4; lastKnownFileType = sourcecode.swift; path = Meme.swift; sourceTree = "<group>"; };
		5C99E6CD1D0BE139006A6713 /* MemeDetailViewController.swift */ = {isa = PBXFileReference; fileEncoding = 4; lastKnownFileType = sourcecode.swift; path = MemeDetailViewController.swift; sourceTree = "<group>"; };
		5CCA1F171D0B1964005C16A3 /* MemeTableTableViewController.swift */ = {isa = PBXFileReference; fileEncoding = 4; lastKnownFileType = sourcecode.swift; path = MemeTableTableViewController.swift; sourceTree = "<group>"; };
		5CCA1F191D0B1979005C16A3 /* MemeCollectionViewController.swift */ = {isa = PBXFileReference; fileEncoding = 4; lastKnownFileType = sourcecode.swift; path = MemeCollectionViewController.swift; sourceTree = "<group>"; };
		5CCA1F1B1D0B1997005C16A3 /* MemeTableViewCell.swift */ = {isa = PBXFileReference; fileEncoding = 4; lastKnownFileType = sourcecode.swift; path = MemeTableViewCell.swift; sourceTree = "<group>"; };
		5CCA1F1D1D0B6465005C16A3 /* MemeCollectionViewCell.swift */ = {isa = PBXFileReference; fileEncoding = 4; lastKnownFileType = sourcecode.swift; path = MemeCollectionViewCell.swift; sourceTree = "<group>"; };
/* End PBXFileReference section */

/* Begin PBXFrameworksBuildPhase section */
		3B687AFC1C45541900B9A96C /* Frameworks */ = {
			isa = PBXFrameworksBuildPhase;
			buildActionMask = 2147483647;
			files = (
			);
			runOnlyForDeploymentPostprocessing = 0;
		};
/* End PBXFrameworksBuildPhase section */

/* Begin PBXGroup section */
		3B687AF61C45541800B9A96C = {
			isa = PBXGroup;
			children = (
				3B687B011C45541900B9A96C /* MeMe */,
				3B687B001C45541900B9A96C /* Products */,
			);
			sourceTree = "<group>";
		};
		3B687B001C45541900B9A96C /* Products */ = {
			isa = PBXGroup;
			children = (
				3B687AFF1C45541900B9A96C /* MeMe.app */,
			);
			name = Products;
			sourceTree = "<group>";
		};
		3B687B011C45541900B9A96C /* MeMe */ = {
			isa = PBXGroup;
			children = (
				3B687B061C45541900B9A96C /* Main.storyboard */,
				5C99E6CD1D0BE139006A6713 /* MemeDetailViewController.swift */,
				3B687B021C45541900B9A96C /* AppDelegate.swift */,
				3B687B041C45541900B9A96C /* MemeEditorViewController.swift */,
				5CCA1F171D0B1964005C16A3 /* MemeTableTableViewController.swift */,
				5CCA1F191D0B1979005C16A3 /* MemeCollectionViewController.swift */,
				5CCA1F1B1D0B1997005C16A3 /* MemeTableViewCell.swift */,
				5CCA1F1D1D0B6465005C16A3 /* MemeCollectionViewCell.swift */,
				3B687B091C45541900B9A96C /* Assets.xcassets */,
				3B687B0B1C45541900B9A96C /* LaunchScreen.storyboard */,
				3B687B0E1C45541900B9A96C /* Info.plist */,
				3B687B141C57C73600B9A96C /* Meme.swift */,
			);
			path = MeMe;
			sourceTree = "<group>";
		};
/* End PBXGroup section */

/* Begin PBXNativeTarget section */
		3B687AFE1C45541900B9A96C /* MeMe */ = {
			isa = PBXNativeTarget;
			buildConfigurationList = 3B687B111C45541900B9A96C /* Build configuration list for PBXNativeTarget "MeMe" */;
			buildPhases = (
				3B687AFB1C45541900B9A96C /* Sources */,
				3B687AFC1C45541900B9A96C /* Frameworks */,
				3B687AFD1C45541900B9A96C /* Resources */,
			);
			buildRules = (
			);
			dependencies = (
			);
			name = MeMe;
			productName = MeMe;
			productReference = 3B687AFF1C45541900B9A96C /* MeMe.app */;
			productType = "com.apple.product-type.application";
		};
/* End PBXNativeTarget section */

/* Begin PBXProject section */
		3B687AF71C45541800B9A96C /* Project object */ = {
			isa = PBXProject;
			attributes = {
				LastUpgradeCheck = 0700;
				ORGANIZATIONNAME = "David Plaza Balagué";
				TargetAttributes = {
					3B687AFE1C45541900B9A96C = {
						CreatedOnToolsVersion = 7.0.1;
						DevelopmentTeam = BTY3968W6T;
					};
				};
			};
			buildConfigurationList = 3B687AFA1C45541800B9A96C /* Build configuration list for PBXProject "MeMe" */;
			compatibilityVersion = "Xcode 3.2";
			developmentRegion = English;
			hasScannedForEncodings = 0;
			knownRegions = (
				en,
				Base,
			);
			mainGroup = 3B687AF61C45541800B9A96C;
			productRefGroup = 3B687B001C45541900B9A96C /* Products */;
			projectDirPath = "";
			projectRoot = "";
			targets = (
				3B687AFE1C45541900B9A96C /* MeMe */,
			);
		};
/* End PBXProject section */

/* Begin PBXResourcesBuildPhase section */
		3B687AFD1C45541900B9A96C /* Resources */ = {
			isa = PBXResourcesBuildPhase;
			buildActionMask = 2147483647;
			files = (
				3B687B0D1C45541900B9A96C /* LaunchScreen.storyboard in Resources */,
				3B687B0A1C45541900B9A96C /* Assets.xcassets in Resources */,
				3B687B081C45541900B9A96C /* Main.storyboard in Resources */,
			);
			runOnlyForDeploymentPostprocessing = 0;
		};
/* End PBXResourcesBuildPhase section */

/* Begin PBXSourcesBuildPhase section */
		3B687AFB1C45541900B9A96C /* Sources */ = {
			isa = PBXSourcesBuildPhase;
			buildActionMask = 2147483647;
			files = (
				5CCA1F181D0B1964005C16A3 /* MemeTableTableViewController.swift in Sources */,
				3B687B151C57C73600B9A96C /* Meme.swift in Sources */,
				5CCA1F1A1D0B1979005C16A3 /* MemeCollectionViewController.swift in Sources */,
				5CCA1F1C1D0B1997005C16A3 /* MemeTableViewCell.swift in Sources */,
				5CCA1F1E1D0B6465005C16A3 /* MemeCollectionViewCell.swift in Sources */,
				3B687B051C45541900B9A96C /* MemeEditorViewController.swift in Sources */,
				3B687B031C45541900B9A96C /* AppDelegate.swift in Sources */,
				5C99E6CE1D0BE139006A6713 /* MemeDetailViewController.swift in Sources */,
			);
			runOnlyForDeploymentPostprocessing = 0;
		};
/* End PBXSourcesBuildPhase section */

/* Begin PBXVariantGroup section */
		3B687B061C45541900B9A96C /* Main.storyboard */ = {
			isa = PBXVariantGroup;
			children = (
				3B687B071C45541900B9A96C /* Base */,
			);
			name = Main.storyboard;
			sourceTree = "<group>";
		};
		3B687B0B1C45541900B9A96C /* LaunchScreen.storyboard */ = {
			isa = PBXVariantGroup;
			children = (
				3B687B0C1C45541900B9A96C /* Base */,
			);
			name = LaunchScreen.storyboard;
			sourceTree = "<group>";
		};
/* End PBXVariantGroup section */

/* Begin XCBuildConfiguration section */
		3B687B0F1C45541900B9A96C /* Debug */ = {
			isa = XCBuildConfiguration;
			buildSettings = {
				ALWAYS_SEARCH_USER_PATHS = NO;
				CLANG_CXX_LANGUAGE_STANDARD = "gnu++0x";
				CLANG_CXX_LIBRARY = "libc++";
				CLANG_ENABLE_MODULES = YES;
				CLANG_ENABLE_OBJC_ARC = YES;
				CLANG_WARN_BOOL_CONVERSION = YES;
				CLANG_WARN_CONSTANT_CONVERSION = YES;
				CLANG_WARN_DIRECT_OBJC_ISA_USAGE = YES_ERROR;
				CLANG_WARN_EMPTY_BODY = YES;
				CLANG_WARN_ENUM_CONVERSION = YES;
				CLANG_WARN_INT_CONVERSION = YES;
				CLANG_WARN_OBJC_ROOT_CLASS = YES_ERROR;
				CLANG_WARN_UNREACHABLE_CODE = YES;
				CLANG_WARN__DUPLICATE_METHOD_MATCH = YES;
				"CODE_SIGN_IDENTITY[sdk=iphoneos*]" = "iPhone Developer";
				COPY_PHASE_STRIP = NO;
				DEBUG_INFORMATION_FORMAT = dwarf;
				ENABLE_STRICT_OBJC_MSGSEND = YES;
				ENABLE_TESTABILITY = YES;
				GCC_C_LANGUAGE_STANDARD = gnu99;
				GCC_DYNAMIC_NO_PIC = NO;
				GCC_NO_COMMON_BLOCKS = YES;
				GCC_OPTIMIZATION_LEVEL = 0;
				GCC_PREPROCESSOR_DEFINITIONS = (
					"DEBUG=1",
					"$(inherited)",
				);
				GCC_WARN_64_TO_32_BIT_CONVERSION = YES;
				GCC_WARN_ABOUT_RETURN_TYPE = YES_ERROR;
				GCC_WARN_UNDECLARED_SELECTOR = YES;
				GCC_WARN_UNINITIALIZED_AUTOS = YES_AGGRESSIVE;
				GCC_WARN_UNUSED_FUNCTION = YES;
				GCC_WARN_UNUSED_VARIABLE = YES;
				IPHONEOS_DEPLOYMENT_TARGET = 9.0;
				MTL_ENABLE_DEBUG_INFO = YES;
				ONLY_ACTIVE_ARCH = YES;
				SDKROOT = iphoneos;
				SWIFT_OPTIMIZATION_LEVEL = "-Onone";
			};
			name = Debug;
		};
		3B687B101C45541900B9A96C /* Release */ = {
			isa = XCBuildConfiguration;
			buildSettings = {
				ALWAYS_SEARCH_USER_PATHS = NO;
				CLANG_CXX_LANGUAGE_STANDARD = "gnu++0x";
				CLANG_CXX_LIBRARY = "libc++";
				CLANG_ENABLE_MODULES = YES;
				CLANG_ENABLE_OBJC_ARC = YES;
				CLANG_WARN_BOOL_CONVERSION = YES;
				CLANG_WARN_CONSTANT_CONVERSION = YES;
				CLANG_WARN_DIRECT_OBJC_ISA_USAGE = YES_ERROR;
				CLANG_WARN_EMPTY_BODY = YES;
				CLANG_WARN_ENUM_CONVERSION = YES;
				CLANG_WARN_INT_CONVERSION = YES;
				CLANG_WARN_OBJC_ROOT_CLASS = YES_ERROR;
				CLANG_WARN_UNREACHABLE_CODE = YES;
				CLANG_WARN__DUPLICATE_METHOD_MATCH = YES;
				"CODE_SIGN_IDENTITY[sdk=iphoneos*]" = "iPhone Developer";
				COPY_PHASE_STRIP = NO;
				DEBUG_INFORMATION_FORMAT = "dwarf-with-dsym";
				ENABLE_NS_ASSERTIONS = NO;
				ENABLE_STRICT_OBJC_MSGSEND = YES;
				GCC_C_LANGUAGE_STANDARD = gnu99;
				GCC_NO_COMMON_BLOCKS = YES;
				GCC_WARN_64_TO_32_BIT_CONVERSION = YES;
				GCC_WARN_ABOUT_RETURN_TYPE = YES_ERROR;
				GCC_WARN_UNDECLARED_SELECTOR = YES;
				GCC_WARN_UNINITIALIZED_AUTOS = YES_AGGRESSIVE;
				GCC_WARN_UNUSED_FUNCTION = YES;
				GCC_WARN_UNUSED_VARIABLE = YES;
				IPHONEOS_DEPLOYMENT_TARGET = 9.0;
				MTL_ENABLE_DEBUG_INFO = NO;
				SDKROOT = iphoneos;
				VALIDATE_PRODUCT = YES;
			};
			name = Release;
		};
		3B687B121C45541900B9A96C /* Debug */ = {
			isa = XCBuildConfiguration;
			buildSettings = {
				ASSETCATALOG_COMPILER_APPICON_NAME = AppIcon;
				CODE_SIGN_IDENTITY = "iPhone Developer";
				INFOPLIST_FILE = MeMe/Info.plist;
				LD_RUNPATH_SEARCH_PATHS = "$(inherited) @executable_path/Frameworks";
				PRODUCT_BUNDLE_IDENTIFIER = com.sivcansingh.MeMe;
				PRODUCT_NAME = "$(TARGET_NAME)";
			};
			name = Debug;
		};
		3B687B131C45541900B9A96C /* Release */ = {
			isa = XCBuildConfiguration;
			buildSettings = {
				ASSETCATALOG_COMPILER_APPICON_NAME = AppIcon;
				CODE_SIGN_IDENTITY = "iPhone Developer";
				INFOPLIST_FILE = MeMe/Info.plist;
				LD_RUNPATH_SEARCH_PATHS = "$(inherited) @executable_path/Frameworks";
				PRODUCT_BUNDLE_IDENTIFIER = com.sivcansingh.MeMe;
				PRODUCT_NAME = "$(TARGET_NAME)";
			};
			name = Release;
		};
/* End XCBuildConfiguration section */

/* Begin XCConfigurationList section */
		3B687AFA1C45541800B9A96C /* Build configuration list for PBXProject "MeMe" */ = {
			isa = XCConfigurationList;
			buildConfigurations = (
				3B687B0F1C45541900B9A96C /* Debug */,
				3B687B101C45541900B9A96C /* Release */,
			);
			defaultConfigurationIsVisible = 0;
			defaultConfigurationName = Release;
		};
		3B687B111C45541900B9A96C /* Build configuration list for PBXNativeTarget "MeMe" */ = {
			isa = XCConfigurationList;
			buildConfigurations = (
				3B687B121C45541900B9A96C /* Debug */,
				3B687B131C45541900B9A96C /* Release */,
			);
			defaultConfigurationIsVisible = 0;
			defaultConfigurationName = Release;
		};
/* End XCConfigurationList section */
	};
	rootObject = 3B687AF71C45541800B9A96C /* Project object */;
}
